// !$*UTF8*$!
{
	archiveVersion = 1;
	classes = {
	};
	objectVersion = 50;
	objects = {

/* Begin PBXBuildFile section */
		046385EA242A4295008E549E /* AppDelegate.swift in Sources */ = {isa = PBXBuildFile; fileRef = 046385E9242A4295008E549E /* AppDelegate.swift */; };
		046385EC242A4295008E549E /* SceneDelegate.swift in Sources */ = {isa = PBXBuildFile; fileRef = 046385EB242A4295008E549E /* SceneDelegate.swift */; };
		046385EE242A4295008E549E /* ViewController.swift in Sources */ = {isa = PBXBuildFile; fileRef = 046385ED242A4295008E549E /* ViewController.swift */; };
		046385F1242A4295008E549E /* Main.storyboard in Resources */ = {isa = PBXBuildFile; fileRef = 046385EF242A4295008E549E /* Main.storyboard */; };
		046385F3242A4297008E549E /* Assets.xcassets in Resources */ = {isa = PBXBuildFile; fileRef = 046385F2242A4297008E549E /* Assets.xcassets */; };
		046385F6242A4297008E549E /* LaunchScreen.storyboard in Resources */ = {isa = PBXBuildFile; fileRef = 046385F4242A4297008E549E /* LaunchScreen.storyboard */; };
		046385FE242A42E6008E549E /* TestView.swift in Sources */ = {isa = PBXBuildFile; fileRef = 046385FD242A42E6008E549E /* TestView.swift */; };
/* End PBXBuildFile section */

/* Begin PBXFileReference section */
		046385E6242A4295008E549E /* ManualPositioning.app */ = {isa = PBXFileReference; explicitFileType = wrapper.application; includeInIndex = 0; path = ManualPositioning.app; sourceTree = BUILT_PRODUCTS_DIR; };
		046385E9242A4295008E549E /* AppDelegate.swift */ = {isa = PBXFileReference; lastKnownFileType = sourcecode.swift; path = AppDelegate.swift; sourceTree = "<group>"; };
		046385EB242A4295008E549E /* SceneDelegate.swift */ = {isa = PBXFileReference; lastKnownFileType = sourcecode.swift; path = SceneDelegate.swift; sourceTree = "<group>"; };
		046385ED242A4295008E549E /* ViewController.swift */ = {isa = PBXFileReference; lastKnownFileType = sourcecode.swift; path = ViewController.swift; sourceTree = "<group>"; };
		046385F0242A4295008E549E /* Base */ = {isa = PBXFileReference; lastKnownFileType = file.storyboard; name = Base; path = Base.lproj/Main.storyboard; sourceTree = "<group>"; };
		046385F2242A4297008E549E /* Assets.xcassets */ = {isa = PBXFileReference; lastKnownFileType = folder.assetcatalog; path = Assets.xcassets; sourceTree = "<group>"; };
		046385F5242A4297008E549E /* Base */ = {isa = PBXFileReference; lastKnownFileType = file.storyboard; name = Base; path = Base.lproj/LaunchScreen.storyboard; sourceTree = "<group>"; };
		046385F7242A4297008E549E /* Info.plist */ = {isa = PBXFileReference; lastKnownFileType = text.plist.xml; path = Info.plist; sourceTree = "<group>"; };
		046385FD242A42E6008E549E /* TestView.swift */ = {isa = PBXFileReference; lastKnownFileType = sourcecode.swift; path = TestView.swift; sourceTree = "<group>"; };
/* End PBXFileReference section */

/* Begin PBXFrameworksBuildPhase section */
		046385E3242A4295008E549E /* Frameworks */ = {
			isa = PBXFrameworksBuildPhase;
			buildActionMask = 2147483647;
			files = (
			);
			runOnlyForDeploymentPostprocessing = 0;
		};
/* End PBXFrameworksBuildPhase section */

/* Begin PBXGroup section */
		046385DD242A4295008E549E = {
			isa = PBXGroup;
			children = (
				046385E8242A4295008E549E /* ManualPositioning */,
				046385E7242A4295008E549E /* Products */,
			);
			sourceTree = "<group>";
		};
		046385E7242A4295008E549E /* Products */ = {
			isa = PBXGroup;
			children = (
				046385E6242A4295008E549E /* ManualPositioning.app */,
			);
			name = Products;
			sourceTree = "<group>";
		};
		046385E8242A4295008E549E /* ManualPositioning */ = {
			isa = PBXGroup;
			children = (
				046385E9242A4295008E549E /* AppDelegate.swift */,
				046385EB242A4295008E549E /* SceneDelegate.swift */,
				046385ED242A4295008E549E /* ViewController.swift */,
				046385EF242A4295008E549E /* Main.storyboard */,
				046385FD242A42E6008E549E /* TestView.swift */,
				046385F2242A4297008E549E /* Assets.xcassets */,
				046385F4242A4297008E549E /* LaunchScreen.storyboard */,
				046385F7242A4297008E549E /* Info.plist */,
			);
			path = ManualPositioning;
			sourceTree = "<group>";
		};
/* End PBXGroup section */

/* Begin PBXNativeTarget section */
		046385E5242A4295008E549E /* ManualPositioning */ = {
			isa = PBXNativeTarget;
			buildConfigurationList = 046385FA242A4297008E549E /* Build configuration list for PBXNativeTarget "ManualPositioning" */;
			buildPhases = (
				046385E2242A4295008E549E /* Sources */,
				046385E3242A4295008E549E /* Frameworks */,
				046385E4242A4295008E549E /* Resources */,
			);
			buildRules = (
			);
			dependencies = (
			);
			name = ManualPositioning;
			productName = ManualPositioning;
			productReference = 046385E6242A4295008E549E /* ManualPositioning.app */;
			productType = "com.apple.product-type.application";
		};
/* End PBXNativeTarget section */

/* Begin PBXProject section */
		046385DE242A4295008E549E /* Project object */ = {
			isa = PBXProject;
			attributes = {
				LastSwiftUpdateCheck = 1130;
				LastUpgradeCheck = 1130;
				ORGANIZATIONNAME = "Swift Student";
				TargetAttributes = {
					046385E5242A4295008E549E = {
						CreatedOnToolsVersion = 11.3;
					};
				};
			};
			buildConfigurationList = 046385E1242A4295008E549E /* Build configuration list for PBXProject "ManualPositioning" */;
			compatibilityVersion = "Xcode 9.3";
			developmentRegion = en;
			hasScannedForEncodings = 0;
			knownRegions = (
				en,
				Base,
			);
			mainGroup = 046385DD242A4295008E549E;
			productRefGroup = 046385E7242A4295008E549E /* Products */;
			projectDirPath = "";
			projectRoot = "";
			targets = (
				046385E5242A4295008E549E /* ManualPositioning */,
			);
		};
/* End PBXProject section */

/* Begin PBXResourcesBuildPhase section */
		046385E4242A4295008E549E /* Resources */ = {
			isa = PBXResourcesBuildPhase;
			buildActionMask = 2147483647;
			files = (
				046385F6242A4297008E549E /* LaunchScreen.storyboard in Resources */,
				046385F3242A4297008E549E /* Assets.xcassets in Resources */,
				046385F1242A4295008E549E /* Main.storyboard in Resources */,
			);
			runOnlyForDeploymentPostprocessing = 0;
		};
/* End PBXResourcesBuildPhase section */

/* Begin PBXSourcesBuildPhase section */
		046385E2242A4295008E549E /* Sources */ = {
			isa = PBXSourcesBuildPhase;
			buildActionMask = 2147483647;
			files = (
				046385FE242A42E6008E549E /* TestView.swift in Sources */,
				046385EE242A4295008E549E /* ViewController.swift in Sources */,
				046385EA242A4295008E549E /* AppDelegate.swift in Sources */,
				046385EC242A4295008E549E /* SceneDelegate.swift in Sources */,
			);
			runOnlyForDeploymentPostprocessing = 0;
		};
/* End PBXSourcesBuildPhase section */

/* Begin PBXVariantGroup section */
		046385EF242A4295008E549E /* Main.storyboard */ = {
			isa = PBXVariantGroup;
			children = (
				046385F0242A4295008E549E /* Base */,
			);
			name = Main.storyboard;
			sourceTree = "<group>";
		};
		046385F4242A4297008E549E /* LaunchScreen.storyboard */ = {
			isa = PBXVariantGroup;
			children = (
				046385F5242A4297008E549E /* Base */,
			);
			name = LaunchScreen.storyboard;
			sourceTree = "<group>";
		};
/* End PBXVariantGroup section */

/* Begin XCBuildConfiguration section */
		046385F8242A4297008E549E /* Debug */ = {
			isa = XCBuildConfiguration;
			buildSettings = {
				ALWAYS_SEARCH_USER_PATHS = NO;
				CLANG_ANALYZER_NONNULL = YES;
				CLANG_ANALYZER_NUMBER_OBJECT_CONVERSION = YES_AGGRESSIVE;
				CLANG_CXX_LANGUAGE_STANDARD = "gnu++14";
				CLANG_CXX_LIBRARY = "libc++";
				CLANG_ENABLE_MODULES = YES;
				CLANG_ENABLE_OBJC_ARC = YES;
				CLANG_ENABLE_OBJC_WEAK = YES;
				CLANG_WARN_BLOCK_CAPTURE_AUTORELEASING = YES;
				CLANG_WARN_BOOL_CONVERSION = YES;
				CLANG_WARN_COMMA = YES;
				CLANG_WARN_CONSTANT_CONVERSION = YES;
				CLANG_WARN_DEPRECATED_OBJC_IMPLEMENTATIONS = YES;
				CLANG_WARN_DIRECT_OBJC_ISA_USAGE = YES_ERROR;
				CLANG_WARN_DOCUMENTATION_COMMENTS = YES;
				CLANG_WARN_EMPTY_BODY = YES;
				CLANG_WARN_ENUM_CONVERSION = YES;
				CLANG_WARN_INFINITE_RECURSION = YES;
				CLANG_WARN_INT_CONVERSION = YES;
				CLANG_WARN_NON_LITERAL_NULL_CONVERSION = YES;
				CLANG_WARN_OBJC_IMPLICIT_RETAIN_SELF = YES;
				CLANG_WARN_OBJC_LITERAL_CONVERSION = YES;
				CLANG_WARN_OBJC_ROOT_CLASS = YES_ERROR;
				CLANG_WARN_RANGE_LOOP_ANALYSIS = YES;
				CLANG_WARN_STRICT_PROTOTYPES = YES;
				CLANG_WARN_SUSPICIOUS_MOVE = YES;
				CLANG_WARN_UNGUARDED_AVAILABILITY = YES_AGGRESSIVE;
				CLANG_WARN_UNREACHABLE_CODE = YES;
				CLANG_WARN__DUPLICATE_METHOD_MATCH = YES;
				COPY_PHASE_STRIP = NO;
				DEBUG_INFORMATION_FORMAT = dwarf;
				ENABLE_STRICT_OBJC_MSGSEND = YES;
				ENABLE_TESTABILITY = YES;
				GCC_C_LANGUAGE_STANDARD = gnu11;
				GCC_DYNAMIC_NO_PIC = NO;
				GCC_NO_COMMON_BLOCKS = YES;
				GCC_OPTIMIZATION_LEVEL = 0;
				GCC_PREPROCESSOR_DEFINITIONS = (
					"DEBUG=1",
					"$(inherited)",
				);
				GCC_WARN_64_TO_32_BIT_CONVERSION = YES;
				GCC_WARN_ABOUT_RETURN_TYPE = YES_ERROR;
				GCC_WARN_UNDECLARED_SELECTOR = YES;
				GCC_WARN_UNINITIALIZED_AUTOS = YES_AGGRESSIVE;
				GCC_WARN_UNUSED_FUNCTION = YES;
				GCC_WARN_UNUSED_VARIABLE = YES;
				IPHONEOS_DEPLOYMENT_TARGET = 13.2;
				MTL_ENABLE_DEBUG_INFO = INCLUDE_SOURCE;
				MTL_FAST_MATH = YES;
				ONLY_ACTIVE_ARCH = YES;
				SDKROOT = iphoneos;
				SWIFT_ACTIVE_COMPILATION_CONDITIONS = DEBUG;
				SWIFT_OPTIMIZATION_LEVEL = "-Onone";
			};
			name = Debug;
		};
		046385F9242A4297008E549E /* Release */ = {
			isa = XCBuildConfiguration;
			buildSettings = {
				ALWAYS_SEARCH_USER_PATHS = NO;
				CLANG_ANALYZER_NONNULL = YES;
				CLANG_ANALYZER_NUMBER_OBJECT_CONVERSION = YES_AGGRESSIVE;
				CLANG_CXX_LANGUAGE_STANDARD = "gnu++14";
				CLANG_CXX_LIBRARY = "libc++";
				CLANG_ENABLE_MODULES = YES;
				CLANG_ENABLE_OBJC_ARC = YES;
				CLANG_ENABLE_OBJC_WEAK = YES;
				CLANG_WARN_BLOCK_CAPTURE_AUTORELEASING = YES;
				CLANG_WARN_BOOL_CONVERSION = YES;
				CLANG_WARN_COMMA = YES;
				CLANG_WARN_CONSTANT_CONVERSION = YES;
				CLANG_WARN_DEPRECATED_OBJC_IMPLEMENTATIONS = YES;
				CLANG_WARN_DIRECT_OBJC_ISA_USAGE = YES_ERROR;
				CLANG_WARN_DOCUMENTATION_COMMENTS = YES;
				CLANG_WARN_EMPTY_BODY = YES;
				CLANG_WARN_ENUM_CONVERSION = YES;
				CLANG_WARN_INFINITE_RECURSION = YES;
				CLANG_WARN_INT_CONVERSION = YES;
				CLANG_WARN_NON_LITERAL_NULL_CONVERSION = YES;
				CLANG_WARN_OBJC_IMPLICIT_RETAIN_SELF = YES;
				CLANG_WARN_OBJC_LITERAL_CONVERSION = YES;
				CLANG_WARN_OBJC_ROOT_CLASS = YES_ERROR;
				CLANG_WARN_RANGE_LOOP_ANALYSIS = YES;
				CLANG_WARN_STRICT_PROTOTYPES = YES;
				CLANG_WARN_SUSPICIOUS_MOVE = YES;
				CLANG_WARN_UNGUARDED_AVAILABILITY = YES_AGGRESSIVE;
				CLANG_WARN_UNREACHABLE_CODE = YES;
				CLANG_WARN__DUPLICATE_METHOD_MATCH = YES;
				COPY_PHASE_STRIP = NO;
				DEBUG_INFORMATION_FORMAT = "dwarf-with-dsym";
				ENABLE_NS_ASSERTIONS = NO;
				ENABLE_STRICT_OBJC_MSGSEND = YES;
				GCC_C_LANGUAGE_STANDARD = gnu11;
				GCC_NO_COMMON_BLOCKS = YES;
				GCC_WARN_64_TO_32_BIT_CONVERSION = YES;
				GCC_WARN_ABOUT_RETURN_TYPE = YES_ERROR;
				GCC_WARN_UNDECLARED_SELECTOR = YES;
				GCC_WARN_UNINITIALIZED_AUTOS = YES_AGGRESSIVE;
				GCC_WARN_UNUSED_FUNCTION = YES;
				GCC_WARN_UNUSED_VARIABLE = YES;
				IPHONEOS_DEPLOYMENT_TARGET = 13.2;
				MTL_ENABLE_DEBUG_INFO = NO;
				MTL_FAST_MATH = YES;
				SDKROOT = iphoneos;
				SWIFT_COMPILATION_MODE = wholemodule;
				SWIFT_OPTIMIZATION_LEVEL = "-O";
				VALIDATE_PRODUCT = YES;
			};
			name = Release;
		};
		046385FB242A4297008E549E /* Debug */ = {
			isa = XCBuildConfiguration;
			buildSettings = {
				ASSETCATALOG_COMPILER_APPICON_NAME = AppIcon;
				CODE_SIGN_STYLE = Automatic;
				DEVELOPMENT_TEAM = 94ZMA2MYR4;
				INFOPLIST_FILE = ManualPositioning/Info.plist;
				LD_RUNPATH_SEARCH_PATHS = (
					"$(inherited)",
					"@executable_path/Frameworks",
				);
				PRODUCT_BUNDLE_IDENTIFIER = swiftstudent.ManualPositioning;
				PRODUCT_NAME = "$(TARGET_NAME)";
				SWIFT_VERSION = 5.0;
				TARGETED_DEVICE_FAMILY = "1,2";
			};
			name = Debug;
		};
		046385FC242A4297008E549E /* Release */ = {
			isa = XCBuildConfiguration;
			buildSettings = {
				ASSETCATALOG_COMPILER_APPICON_NAME = AppIcon;
				CODE_SIGN_STYLE = Automatic;
				DEVELOPMENT_TEAM = 94ZMA2MYR4;
				INFOPLIST_FILE = ManualPositioning/Info.plist;
				LD_RUNPATH_SEARCH_PATHS = (
					"$(inherited)",
					"@executable_path/Frameworks",
				);
				PRODUCT_BUNDLE_IDENTIFIER = swiftstudent.ManualPositioning;
				PRODUCT_NAME = "$(TARGET_NAME)";
				SWIFT_VERSION = 5.0;
				TARGETED_DEVICE_FAMILY = "1,2";
			};
			name = Release;
		};
/* End XCBuildConfiguration section */

/* Begin XCConfigurationList section */
		046385E1242A4295008E549E /* Build configuration list for PBXProject "ManualPositioning" */ = {
			isa = XCConfigurationList;
			buildConfigurations = (
				046385F8242A4297008E549E /* Debug */,
				046385F9242A4297008E549E /* Release */,
			);
			defaultConfigurationIsVisible = 0;
			defaultConfigurationName = Release;
		};
		046385FA242A4297008E549E /* Build configuration list for PBXNativeTarget "ManualPositioning" */ = {
			isa = XCConfigurationList;
			buildConfigurations = (
				046385FB242A4297008E549E /* Debug */,
				046385FC242A4297008E549E /* Release */,
			);
			defaultConfigurationIsVisible = 0;
			defaultConfigurationName = Release;
		};
/* End XCConfigurationList section */
	};
	rootObject = 046385DE242A4295008E549E /* Project object */;
}
